{
  "name": "pi-can",
  "version": "1.0.0",
  "lockfileVersion": 1,
  "requires": true,
  "dependencies": {
    "nan": {
      "version": "2.14.0",
      "resolved": "https://registry.npmjs.org/nan/-/nan-2.14.0.tgz",
      "integrity": "sha512-INOFj37C7k3AfaNTtX8RhsTw7qRy7eLET14cROi9+5HAVbbHuIWUHEauBv5qT4Av2tWasiTY1Jw6puUNqRJXQg=="
    },
    "pi-spi": {
      "version": "1.2.1",
      "resolved": "https://registry.npmjs.org/pi-spi/-/pi-spi-1.2.1.tgz",
      "integrity": "sha512-cPquRYzFZJzPwFpFpLOY13bg+jYzufo0hhYi+IsMlcSSdmzHqHLvghUz4vZWcjm6tqiEwNoMP8MQR1wuyLpnnw==",
      "requires": {
        "nan": "^2.14.0"
      }
    }
  }
}
